
Microsoft Visual Studio Solution File, Format Version 12.00
# Visual Studio Version 16
VisualStudioVersion = 16.0.29215.179
MinimumVisualStudioVersion = 10.0.40219.1
Project("{FAE04EC0-301F-11D3-BF4B-00C04F79EFBC}") = "Contact", "Contact\Contact.csproj", "{65DCE658-A46B-4A39-BBBB-EC8E9E503589}"
EndProject
Global
	GlobalSection(SolutionConfigurationPlatforms) = preSolution
		Debug|Any CPU = Debug|Any CPU
		Release|Any CPU = Release|Any CPU
	EndGlobalSection
	GlobalSection(ProjectConfigurationPlatforms) = postSolution
		{65DCE658-A46B-4A39-BBBB-EC8E9E503589}.Debug|Any CPU.ActiveCfg = Debug|Any CPU
		{65DCE658-A46B-4A39-BBBB-EC8E9E503589}.Debug|Any CPU.Build.0 = Debug|Any CPU
		{65DCE658-A46B-4A39-BBBB-EC8E9E503589}.Release|Any CPU.ActiveCfg = Release|Any CPU
		{65DCE658-A46B-4A39-BBBB-EC8E9E503589}.Release|Any CPU.Build.0 = Release|Any CPU
	EndGlobalSection
	GlobalSection(SolutionProperties) = preSolution
		HideSolutionNode = FALSE
	EndGlobalSection
	GlobalSection(ExtensibilityGlobals) = postSolution
		SolutionGuid = {CF5A195E-AF86-4074-9DE7-BC8CC036A2C4}
	EndGlobalSection
EndGlobal
